Microsoft Visual Studio Solution File, Format Version 11.00
# Visual Studio 2008

Project("{770A2AF0-BC4C-633E-C391-CE38A37DD66F}") = "Root-Mental-Trauma-Folder", "Assembly-CSharp-firstpass.csproj", "{FA178ED9-B9C9-A833-C339-817F1BFC99DC}"
EndProject
Project("{770A2AF0-BC4C-633E-C391-CE38A37DD66F}") = "Root-Mental-Trauma-Folder", "Assembly-CSharp.csproj", "{E37F0909-8C53-7C65-1796-DA7BDBE49CC3}"
EndProject
Project("{770A2AF0-BC4C-633E-C391-CE38A37DD66F}") = "Root-Mental-Trauma-Folder", "Assembly-UnityScript.unityproj", "{6E7B3E6F-C39C-8D57-BDBB-864977E59661}"
EndProject
Project("{770A2AF0-BC4C-633E-C391-CE38A37DD66F}") = "Root-Mental-Trauma-Folder", "Assembly-UnityScript-Editor.unityproj", "{B0CF3BD9-D7BD-6BB0-7196-C95A6ACC2621}"
EndProject
Global
	GlobalSection(SolutionConfigurationPlatforms) = preSolution
		Debug|Any CPU = Debug|Any CPU
		Release|Any CPU = Release|Any CPU
	EndGlobalSection
	GlobalSection(ProjectConfigurationPlatforms) = postSolution
		{FA178ED9-B9C9-A833-C339-817F1BFC99DC}.Debug|Any CPU.ActiveCfg = Debug|Any CPU
		{FA178ED9-B9C9-A833-C339-817F1BFC99DC}.Debug|Any CPU.Build.0 = Debug|Any CPU
		{FA178ED9-B9C9-A833-C339-817F1BFC99DC}.Release|Any CPU.ActiveCfg = Release|Any CPU
		{FA178ED9-B9C9-A833-C339-817F1BFC99DC}.Release|Any CPU.Build.0 = Release|Any CPU
		{E37F0909-8C53-7C65-1796-DA7BDBE49CC3}.Debug|Any CPU.ActiveCfg = Debug|Any CPU
		{E37F0909-8C53-7C65-1796-DA7BDBE49CC3}.Debug|Any CPU.Build.0 = Debug|Any CPU
		{E37F0909-8C53-7C65-1796-DA7BDBE49CC3}.Release|Any CPU.ActiveCfg = Release|Any CPU
		{E37F0909-8C53-7C65-1796-DA7BDBE49CC3}.Release|Any CPU.Build.0 = Release|Any CPU
		{6E7B3E6F-C39C-8D57-BDBB-864977E59661}.Debug|Any CPU.ActiveCfg = Debug|Any CPU
		{6E7B3E6F-C39C-8D57-BDBB-864977E59661}.Debug|Any CPU.Build.0 = Debug|Any CPU
		{6E7B3E6F-C39C-8D57-BDBB-864977E59661}.Release|Any CPU.ActiveCfg = Release|Any CPU
		{6E7B3E6F-C39C-8D57-BDBB-864977E59661}.Release|Any CPU.Build.0 = Release|Any CPU
		{B0CF3BD9-D7BD-6BB0-7196-C95A6ACC2621}.Debug|Any CPU.ActiveCfg = Debug|Any CPU
		{B0CF3BD9-D7BD-6BB0-7196-C95A6ACC2621}.Debug|Any CPU.Build.0 = Debug|Any CPU
		{B0CF3BD9-D7BD-6BB0-7196-C95A6ACC2621}.Release|Any CPU.ActiveCfg = Release|Any CPU
		{B0CF3BD9-D7BD-6BB0-7196-C95A6ACC2621}.Release|Any CPU.Build.0 = Release|Any CPU
	EndGlobalSection
	GlobalSection(SolutionProperties) = preSolution
		HideSolutionNode = FALSE
	EndGlobalSection
																																															GlobalSection(MonoDevelopProperties) = preSolution
																																								GlobalSection(MonoDevelopProperties) = preSolution
													GlobalSection(MonoDevelopProperties) = preSolution
		StartupItem = Assembly-CSharp.csproj
		Policies = $0
		$0.TextStylePolicy = $1
		$1.inheritsSet = null
		$1.scope = text/x-csharp
		$0.CSharpFormattingPolicy = $2
		$2.inheritsSet = Mono
		$2.inheritsScope = text/x-csharp
		$2.scope = text/x-csharp
		$0.TextStylePolicy = $3
		$3.FileWidth = 120
		$3.TabWidth = 4
		$3.EolMarker = Unix
		$3.inheritsSet = Mono
		$3.inheritsScope = text/plain
		$3.scope = text/plain
	EndGlobalSection

EndGlobal
